// !$*UTF8*$!
{
	archiveVersion = 1;
	classes = {
	};
	objectVersion = 50;
	objects = {

/* Begin PBXBuildFile section */
		1A0382EA26ED2403008D314F /* SoundManager.swift in Sources */ = {isa = PBXBuildFile; fileRef = 1A0382E926ED2403008D314F /* SoundManager.swift */; };
		1A0382EF26ED2A46008D314F /* save.mp3 in Resources */ = {isa = PBXBuildFile; fileRef = 1A0382ED26ED2A45008D314F /* save.mp3 */; };
		1A0382F026ED2A46008D314F /* delete.mp3 in Resources */ = {isa = PBXBuildFile; fileRef = 1A0382EE26ED2A46008D314F /* delete.mp3 */; };
		1A1BEF2026B95B400044116F /* ListView.swift in Sources */ = {isa = PBXBuildFile; fileRef = 1A1BEF1F26B95B400044116F /* ListView.swift */; };
		1A1BEF2326B961670044116F /* TextEditorCoreData.xcdatamodeld in Sources */ = {isa = PBXBuildFile; fileRef = 1A1BEF2126B961670044116F /* TextEditorCoreData.xcdatamodeld */; };
		1A29228126B8188800423757 /* Notes.swift in Sources */ = {isa = PBXBuildFile; fileRef = 1A29228026B8188800423757 /* Notes.swift */; };
		1A94D0B926BC0BB100603610 /* OnDelete.swift in Sources */ = {isa = PBXBuildFile; fileRef = 1A94D0B826BC0BB100603610 /* OnDelete.swift */; };
		1A9699F126B73C5D006BC38B /* TextEditorApp.swift in Sources */ = {isa = PBXBuildFile; fileRef = 1A9699F026B73C5D006BC38B /* TextEditorApp.swift */; };
		1A9699F326B73C5D006BC38B /* TextEditorView.swift in Sources */ = {isa = PBXBuildFile; fileRef = 1A9699F226B73C5D006BC38B /* TextEditorView.swift */; };
		1A9699F526B73C5E006BC38B /* Assets.xcassets in Resources */ = {isa = PBXBuildFile; fileRef = 1A9699F426B73C5E006BC38B /* Assets.xcassets */; };
		1A9699F826B73C5E006BC38B /* Preview Assets.xcassets in Resources */ = {isa = PBXBuildFile; fileRef = 1A9699F726B73C5E006BC38B /* Preview Assets.xcassets */; };
		1A969A0426B7F9F3006BC38B /* Color.swift in Sources */ = {isa = PBXBuildFile; fileRef = 1A969A0326B7F9F3006BC38B /* Color.swift */; };
		1A969A0826B7FBBB006BC38B /* HomeView.swift in Sources */ = {isa = PBXBuildFile; fileRef = 1A969A0726B7FBBB006BC38B /* HomeView.swift */; };
		1A992B2026C69944001EAE60 /* Localizable.strings in Resources */ = {isa = PBXBuildFile; fileRef = 1A992B2226C69944001EAE60 /* Localizable.strings */; };
		1ABD1F2726C5850900A962B0 /* TextEditorEntity+CoreDataClass.swift in Sources */ = {isa = PBXBuildFile; fileRef = 1ABD1F2526C5850900A962B0 /* TextEditorEntity+CoreDataClass.swift */; };
		1ABD1F2826C5850900A962B0 /* TextEditorEntity+CoreDataProperties.swift in Sources */ = {isa = PBXBuildFile; fileRef = 1ABD1F2626C5850900A962B0 /* TextEditorEntity+CoreDataProperties.swift */; };
		1ADC9A8C26B81C1D00F98A40 /* FontSizeView.swift in Sources */ = {isa = PBXBuildFile; fileRef = 1ADC9A8B26B81C1D00F98A40 /* FontSizeView.swift */; };
		1ADC9A8E26B81D1B00F98A40 /* NotesVM.swift in Sources */ = {isa = PBXBuildFile; fileRef = 1ADC9A8D26B81D1B00F98A40 /* NotesVM.swift */; };
		1ADC9A9026B847CB00F98A40 /* ColorFontView.swift in Sources */ = {isa = PBXBuildFile; fileRef = 1ADC9A8F26B847CB00F98A40 /* ColorFontView.swift */; };
/* End PBXBuildFile section */

/* Begin PBXFileReference section */
		1A0382E926ED2403008D314F /* SoundManager.swift */ = {isa = PBXFileReference; lastKnownFileType = sourcecode.swift; path = SoundManager.swift; sourceTree = "<group>"; };
		1A0382ED26ED2A45008D314F /* save.mp3 */ = {isa = PBXFileReference; lastKnownFileType = audio.mp3; path = save.mp3; sourceTree = "<group>"; };
		1A0382EE26ED2A46008D314F /* delete.mp3 */ = {isa = PBXFileReference; lastKnownFileType = audio.mp3; path = delete.mp3; sourceTree = "<group>"; };
		1A1BEF1F26B95B400044116F /* ListView.swift */ = {isa = PBXFileReference; lastKnownFileType = sourcecode.swift; path = ListView.swift; sourceTree = "<group>"; };
		1A1BEF2226B961670044116F /* TextEditorCoreData.xcdatamodel */ = {isa = PBXFileReference; lastKnownFileType = wrapper.xcdatamodel; path = TextEditorCoreData.xcdatamodel; sourceTree = "<group>"; };
		1A29228026B8188800423757 /* Notes.swift */ = {isa = PBXFileReference; lastKnownFileType = sourcecode.swift; path = Notes.swift; sourceTree = "<group>"; };
		1A94D0B826BC0BB100603610 /* OnDelete.swift */ = {isa = PBXFileReference; lastKnownFileType = sourcecode.swift; path = OnDelete.swift; sourceTree = "<group>"; };
		1A9699ED26B73C5D006BC38B /* TextEditor.app */ = {isa = PBXFileReference; explicitFileType = wrapper.application; includeInIndex = 0; path = TextEditor.app; sourceTree = BUILT_PRODUCTS_DIR; };
		1A9699F026B73C5D006BC38B /* TextEditorApp.swift */ = {isa = PBXFileReference; lastKnownFileType = sourcecode.swift; path = TextEditorApp.swift; sourceTree = "<group>"; };
		1A9699F226B73C5D006BC38B /* TextEditorView.swift */ = {isa = PBXFileReference; lastKnownFileType = sourcecode.swift; path = TextEditorView.swift; sourceTree = "<group>"; };
		1A9699F426B73C5E006BC38B /* Assets.xcassets */ = {isa = PBXFileReference; lastKnownFileType = folder.assetcatalog; path = Assets.xcassets; sourceTree = "<group>"; };
		1A9699F726B73C5E006BC38B /* Preview Assets.xcassets */ = {isa = PBXFileReference; lastKnownFileType = folder.assetcatalog; path = "Preview Assets.xcassets"; sourceTree = "<group>"; };
		1A9699F926B73C5E006BC38B /* Info.plist */ = {isa = PBXFileReference; lastKnownFileType = text.plist.xml; path = Info.plist; sourceTree = "<group>"; };
		1A969A0326B7F9F3006BC38B /* Color.swift */ = {isa = PBXFileReference; lastKnownFileType = sourcecode.swift; path = Color.swift; sourceTree = "<group>"; };
		1A969A0726B7FBBB006BC38B /* HomeView.swift */ = {isa = PBXFileReference; lastKnownFileType = sourcecode.swift; path = HomeView.swift; sourceTree = "<group>"; };
		1A992B2126C69944001EAE60 /* en */ = {isa = PBXFileReference; lastKnownFileType = text.plist.strings; name = en; path = en.lproj/Localizable.strings; sourceTree = "<group>"; };
		1A992B2326C69963001EAE60 /* ru */ = {isa = PBXFileReference; lastKnownFileType = text.plist.strings; name = ru; path = ru.lproj/Localizable.strings; sourceTree = "<group>"; };
		1ABD1F2526C5850900A962B0 /* TextEditorEntity+CoreDataClass.swift */ = {isa = PBXFileReference; lastKnownFileType = sourcecode.swift; path = "TextEditorEntity+CoreDataClass.swift"; sourceTree = "<group>"; };
		1ABD1F2626C5850900A962B0 /* TextEditorEntity+CoreDataProperties.swift */ = {isa = PBXFileReference; lastKnownFileType = sourcecode.swift; path = "TextEditorEntity+CoreDataProperties.swift"; sourceTree = "<group>"; };
		1ADC9A8B26B81C1D00F98A40 /* FontSizeView.swift */ = {isa = PBXFileReference; lastKnownFileType = sourcecode.swift; path = FontSizeView.swift; sourceTree = "<group>"; };
		1ADC9A8D26B81D1B00F98A40 /* NotesVM.swift */ = {isa = PBXFileReference; lastKnownFileType = sourcecode.swift; path = NotesVM.swift; sourceTree = "<group>"; };
		1ADC9A8F26B847CB00F98A40 /* ColorFontView.swift */ = {isa = PBXFileReference; lastKnownFileType = sourcecode.swift; path = ColorFontView.swift; sourceTree = "<group>"; };
/* End PBXFileReference section */

/* Begin PBXFrameworksBuildPhase section */
		1A9699EA26B73C5D006BC38B /* Frameworks */ = {
			isa = PBXFrameworksBuildPhase;
			buildActionMask = 2147483647;
			files = (
			);
			runOnlyForDeploymentPostprocessing = 0;
		};
/* End PBXFrameworksBuildPhase section */

/* Begin PBXGroup section */
		1A0382E826ED2362008D314F /* Managers */ = {
			isa = PBXGroup;
			children = (
				1A0382E926ED2403008D314F /* SoundManager.swift */,
				1A0382EC26ED2A33008D314F /* Sounds */,
			);
			path = Managers;
			sourceTree = "<group>";
		};
		1A0382EC26ED2A33008D314F /* Sounds */ = {
			isa = PBXGroup;
			children = (
				1A0382EE26ED2A46008D314F /* delete.mp3 */,
				1A0382ED26ED2A45008D314F /* save.mp3 */,
			);
			path = Sounds;
			sourceTree = "<group>";
		};
		1A4C814A26C68A1A00BF9B66 /* CoreData */ = {
			isa = PBXGroup;
			children = (
				1A1BEF2126B961670044116F /* TextEditorCoreData.xcdatamodeld */,
				1ABD1F2626C5850900A962B0 /* TextEditorEntity+CoreDataProperties.swift */,
				1ABD1F2526C5850900A962B0 /* TextEditorEntity+CoreDataClass.swift */,
			);
			path = CoreData;
			sourceTree = "<group>";
		};
		1A9699E426B73C5C006BC38B = {
			isa = PBXGroup;
			children = (
				1A9699EF26B73C5D006BC38B /* TextEditor */,
				1A9699EE26B73C5D006BC38B /* Products */,
			);
			sourceTree = "<group>";
		};
		1A9699EE26B73C5D006BC38B /* Products */ = {
			isa = PBXGroup;
			children = (
				1A9699ED26B73C5D006BC38B /* TextEditor.app */,
			);
			name = Products;
			sourceTree = "<group>";
		};
		1A9699EF26B73C5D006BC38B /* TextEditor */ = {
			isa = PBXGroup;
			children = (
				1A9699F026B73C5D006BC38B /* TextEditorApp.swift */,
				1A969A0226B741B5006BC38B /* Views */,
				1A969A0126B741AD006BC38B /* ViewModel */,
				1A969A0026B741AA006BC38B /* Models */,
				1A9699FF26B741A6006BC38B /* Extensions */,
				1A0382E826ED2362008D314F /* Managers */,
				1A9699F426B73C5E006BC38B /* Assets.xcassets */,
				1A9699F926B73C5E006BC38B /* Info.plist */,
				1A992B2226C69944001EAE60 /* Localizable.strings */,
				1A9699F626B73C5E006BC38B /* Preview Content */,
			);
			path = TextEditor;
			sourceTree = "<group>";
		};
		1A9699F626B73C5E006BC38B /* Preview Content */ = {
			isa = PBXGroup;
			children = (
				1A9699F726B73C5E006BC38B /* Preview Assets.xcassets */,
			);
			path = "Preview Content";
			sourceTree = "<group>";
		};
		1A9699FF26B741A6006BC38B /* Extensions */ = {
			isa = PBXGroup;
			children = (
				1A969A0326B7F9F3006BC38B /* Color.swift */,
				1A94D0B826BC0BB100603610 /* OnDelete.swift */,
			);
			path = Extensions;
			sourceTree = "<group>";
		};
		1A969A0026B741AA006BC38B /* Models */ = {
			isa = PBXGroup;
			children = (
				1A4C814A26C68A1A00BF9B66 /* CoreData */,
				1A29228026B8188800423757 /* Notes.swift */,
			);
			path = Models;
			sourceTree = "<group>";
		};
		1A969A0126B741AD006BC38B /* ViewModel */ = {
			isa = PBXGroup;
			children = (
				1ADC9A8D26B81D1B00F98A40 /* NotesVM.swift */,
			);
			path = ViewModel;
			sourceTree = "<group>";
		};
		1A969A0226B741B5006BC38B /* Views */ = {
			isa = PBXGroup;
			children = (
				1A969A0726B7FBBB006BC38B /* HomeView.swift */,
				1A9699F226B73C5D006BC38B /* TextEditorView.swift */,
				1A1BEF1F26B95B400044116F /* ListView.swift */,
				1ADC9A8A26B81BB400F98A40 /* ComponentsTextEditor */,
			);
			path = Views;
			sourceTree = "<group>";
		};
		1ADC9A8A26B81BB400F98A40 /* ComponentsTextEditor */ = {
			isa = PBXGroup;
			children = (
				1ADC9A8B26B81C1D00F98A40 /* FontSizeView.swift */,
				1ADC9A8F26B847CB00F98A40 /* ColorFontView.swift */,
			);
			path = ComponentsTextEditor;
			sourceTree = "<group>";
		};
/* End PBXGroup section */

/* Begin PBXNativeTarget section */
		1A9699EC26B73C5D006BC38B /* TextEditor */ = {
			isa = PBXNativeTarget;
			buildConfigurationList = 1A9699FC26B73C5E006BC38B /* Build configuration list for PBXNativeTarget "TextEditor" */;
			buildPhases = (
				1A9699E926B73C5D006BC38B /* Sources */,
				1A9699EA26B73C5D006BC38B /* Frameworks */,
				1A9699EB26B73C5D006BC38B /* Resources */,
			);
			buildRules = (
			);
			dependencies = (
			);
			name = TextEditor;
			productName = TextEditor;
			productReference = 1A9699ED26B73C5D006BC38B /* TextEditor.app */;
			productType = "com.apple.product-type.application";
		};
/* End PBXNativeTarget section */

/* Begin PBXProject section */
		1A9699E526B73C5C006BC38B /* Project object */ = {
			isa = PBXProject;
			attributes = {
				LastSwiftUpdateCheck = 1250;
				LastUpgradeCheck = 1250;
				TargetAttributes = {
					1A9699EC26B73C5D006BC38B = {
						CreatedOnToolsVersion = 12.5.1;
					};
				};
			};
			buildConfigurationList = 1A9699E826B73C5C006BC38B /* Build configuration list for PBXProject "TextEditor" */;
			compatibilityVersion = "Xcode 9.3";
			developmentRegion = en;
			hasScannedForEncodings = 0;
			knownRegions = (
				en,
				Base,
				ru,
			);
			mainGroup = 1A9699E426B73C5C006BC38B;
			productRefGroup = 1A9699EE26B73C5D006BC38B /* Products */;
			projectDirPath = "";
			projectRoot = "";
			targets = (
				1A9699EC26B73C5D006BC38B /* TextEditor */,
			);
		};
/* End PBXProject section */

/* Begin PBXResourcesBuildPhase section */
		1A9699EB26B73C5D006BC38B /* Resources */ = {
			isa = PBXResourcesBuildPhase;
			buildActionMask = 2147483647;
			files = (
				1A9699F826B73C5E006BC38B /* Preview Assets.xcassets in Resources */,
				1A0382EF26ED2A46008D314F /* save.mp3 in Resources */,
				1A992B2026C69944001EAE60 /* Localizable.strings in Resources */,
				1A0382F026ED2A46008D314F /* delete.mp3 in Resources */,
				1A9699F526B73C5E006BC38B /* Assets.xcassets in Resources */,
			);
			runOnlyForDeploymentPostprocessing = 0;
		};
/* End PBXResourcesBuildPhase section */

/* Begin PBXSourcesBuildPhase section */
		1A9699E926B73C5D006BC38B /* Sources */ = {
			isa = PBXSourcesBuildPhase;
			buildActionMask = 2147483647;
			files = (
				1A9699F326B73C5D006BC38B /* TextEditorView.swift in Sources */,
				1A969A0826B7FBBB006BC38B /* HomeView.swift in Sources */,
				1A1BEF2326B961670044116F /* TextEditorCoreData.xcdatamodeld in Sources */,
				1A29228126B8188800423757 /* Notes.swift in Sources */,
				1ABD1F2726C5850900A962B0 /* TextEditorEntity+CoreDataClass.swift in Sources */,
				1A0382EA26ED2403008D314F /* SoundManager.swift in Sources */,
				1A9699F126B73C5D006BC38B /* TextEditorApp.swift in Sources */,
				1ADC9A8C26B81C1D00F98A40 /* FontSizeView.swift in Sources */,
				1ADC9A8E26B81D1B00F98A40 /* NotesVM.swift in Sources */,
				1A969A0426B7F9F3006BC38B /* Color.swift in Sources */,
				1A94D0B926BC0BB100603610 /* OnDelete.swift in Sources */,
				1ADC9A9026B847CB00F98A40 /* ColorFontView.swift in Sources */,
				1A1BEF2026B95B400044116F /* ListView.swift in Sources */,
				1ABD1F2826C5850900A962B0 /* TextEditorEntity+CoreDataProperties.swift in Sources */,
			);
			runOnlyForDeploymentPostprocessing = 0;
		};
/* End PBXSourcesBuildPhase section */

/* Begin PBXVariantGroup section */
		1A992B2226C69944001EAE60 /* Localizable.strings */ = {
			isa = PBXVariantGroup;
			children = (
				1A992B2126C69944001EAE60 /* en */,
				1A992B2326C69963001EAE60 /* ru */,
			);
			name = Localizable.strings;
			sourceTree = "<group>";
		};
/* End PBXVariantGroup section */

/* Begin XCBuildConfiguration section */
		1A9699FA26B73C5E006BC38B /* Debug */ = {
			isa = XCBuildConfiguration;
			buildSettings = {
				ALWAYS_SEARCH_USER_PATHS = NO;
				CLANG_ANALYZER_LOCALIZABILITY_NONLOCALIZED = YES;
				CLANG_ANALYZER_NONNULL = YES;
				CLANG_ANALYZER_NUMBER_OBJECT_CONVERSION = YES_AGGRESSIVE;
				CLANG_CXX_LANGUAGE_STANDARD = "gnu++14";
				CLANG_CXX_LIBRARY = "libc++";
				CLANG_ENABLE_MODULES = YES;
				CLANG_ENABLE_OBJC_ARC = YES;
				CLANG_ENABLE_OBJC_WEAK = YES;
				CLANG_WARN_BLOCK_CAPTURE_AUTORELEASING = YES;
				CLANG_WARN_BOOL_CONVERSION = YES;
				CLANG_WARN_COMMA = YES;
				CLANG_WARN_CONSTANT_CONVERSION = YES;
				CLANG_WARN_DEPRECATED_OBJC_IMPLEMENTATIONS = YES;
				CLANG_WARN_DIRECT_OBJC_ISA_USAGE = YES_ERROR;
				CLANG_WARN_DOCUMENTATION_COMMENTS = YES;
				CLANG_WARN_EMPTY_BODY = YES;
				CLANG_WARN_ENUM_CONVERSION = YES;
				CLANG_WARN_INFINITE_RECURSION = YES;
				CLANG_WARN_INT_CONVERSION = YES;
				CLANG_WARN_NON_LITERAL_NULL_CONVERSION = YES;
				CLANG_WARN_OBJC_IMPLICIT_RETAIN_SELF = YES;
				CLANG_WARN_OBJC_LITERAL_CONVERSION = YES;
				CLANG_WARN_OBJC_ROOT_CLASS = YES_ERROR;
				CLANG_WARN_QUOTED_INCLUDE_IN_FRAMEWORK_HEADER = YES;
				CLANG_WARN_RANGE_LOOP_ANALYSIS = YES;
				CLANG_WARN_STRICT_PROTOTYPES = YES;
				CLANG_WARN_SUSPICIOUS_MOVE = YES;
				CLANG_WARN_UNGUARDED_AVAILABILITY = YES_AGGRESSIVE;
				CLANG_WARN_UNREACHABLE_CODE = YES;
				CLANG_WARN__DUPLICATE_METHOD_MATCH = YES;
				COPY_PHASE_STRIP = NO;
				DEBUG_INFORMATION_FORMAT = dwarf;
				ENABLE_STRICT_OBJC_MSGSEND = YES;
				ENABLE_TESTABILITY = YES;
				GCC_C_LANGUAGE_STANDARD = gnu11;
				GCC_DYNAMIC_NO_PIC = NO;
				GCC_NO_COMMON_BLOCKS = YES;
				GCC_OPTIMIZATION_LEVEL = 0;
				GCC_PREPROCESSOR_DEFINITIONS = (
					"DEBUG=1",
					"$(inherited)",
				);
				GCC_WARN_64_TO_32_BIT_CONVERSION = YES;
				GCC_WARN_ABOUT_RETURN_TYPE = YES_ERROR;
				GCC_WARN_UNDECLARED_SELECTOR = YES;
				GCC_WARN_UNINITIALIZED_AUTOS = YES_AGGRESSIVE;
				GCC_WARN_UNUSED_FUNCTION = YES;
				GCC_WARN_UNUSED_VARIABLE = YES;
				IPHONEOS_DEPLOYMENT_TARGET = 14.5;
				MTL_ENABLE_DEBUG_INFO = INCLUDE_SOURCE;
				MTL_FAST_MATH = YES;
				ONLY_ACTIVE_ARCH = YES;
				SDKROOT = iphoneos;
				SWIFT_ACTIVE_COMPILATION_CONDITIONS = DEBUG;
				SWIFT_OPTIMIZATION_LEVEL = "-Onone";
			};
			name = Debug;
		};
		1A9699FB26B73C5E006BC38B /* Release */ = {
			isa = XCBuildConfiguration;
			buildSettings = {
				ALWAYS_SEARCH_USER_PATHS = NO;
				CLANG_ANALYZER_LOCALIZABILITY_NONLOCALIZED = YES;
				CLANG_ANALYZER_NONNULL = YES;
				CLANG_ANALYZER_NUMBER_OBJECT_CONVERSION = YES_AGGRESSIVE;
				CLANG_CXX_LANGUAGE_STANDARD = "gnu++14";
				CLANG_CXX_LIBRARY = "libc++";
				CLANG_ENABLE_MODULES = YES;
				CLANG_ENABLE_OBJC_ARC = YES;
				CLANG_ENABLE_OBJC_WEAK = YES;
				CLANG_WARN_BLOCK_CAPTURE_AUTORELEASING = YES;
				CLANG_WARN_BOOL_CONVERSION = YES;
				CLANG_WARN_COMMA = YES;
				CLANG_WARN_CONSTANT_CONVERSION = YES;
				CLANG_WARN_DEPRECATED_OBJC_IMPLEMENTATIONS = YES;
				CLANG_WARN_DIRECT_OBJC_ISA_USAGE = YES_ERROR;
				CLANG_WARN_DOCUMENTATION_COMMENTS = YES;
				CLANG_WARN_EMPTY_BODY = YES;
				CLANG_WARN_ENUM_CONVERSION = YES;
				CLANG_WARN_INFINITE_RECURSION = YES;
				CLANG_WARN_INT_CONVERSION = YES;
				CLANG_WARN_NON_LITERAL_NULL_CONVERSION = YES;
				CLANG_WARN_OBJC_IMPLICIT_RETAIN_SELF = YES;
				CLANG_WARN_OBJC_LITERAL_CONVERSION = YES;
				CLANG_WARN_OBJC_ROOT_CLASS = YES_ERROR;
				CLANG_WARN_QUOTED_INCLUDE_IN_FRAMEWORK_HEADER = YES;
				CLANG_WARN_RANGE_LOOP_ANALYSIS = YES;
				CLANG_WARN_STRICT_PROTOTYPES = YES;
				CLANG_WARN_SUSPICIOUS_MOVE = YES;
				CLANG_WARN_UNGUARDED_AVAILABILITY = YES_AGGRESSIVE;
				CLANG_WARN_UNREACHABLE_CODE = YES;
				CLANG_WARN__DUPLICATE_METHOD_MATCH = YES;
				COPY_PHASE_STRIP = NO;
				DEBUG_INFORMATION_FORMAT = "dwarf-with-dsym";
				ENABLE_NS_ASSERTIONS = NO;
				ENABLE_STRICT_OBJC_MSGSEND = YES;
				GCC_C_LANGUAGE_STANDARD = gnu11;
				GCC_NO_COMMON_BLOCKS = YES;
				GCC_WARN_64_TO_32_BIT_CONVERSION = YES;
				GCC_WARN_ABOUT_RETURN_TYPE = YES_ERROR;
				GCC_WARN_UNDECLARED_SELECTOR = YES;
				GCC_WARN_UNINITIALIZED_AUTOS = YES_AGGRESSIVE;
				GCC_WARN_UNUSED_FUNCTION = YES;
				GCC_WARN_UNUSED_VARIABLE = YES;
				IPHONEOS_DEPLOYMENT_TARGET = 14.5;
				MTL_ENABLE_DEBUG_INFO = NO;
				MTL_FAST_MATH = YES;
				SDKROOT = iphoneos;
				SWIFT_COMPILATION_MODE = wholemodule;
				SWIFT_OPTIMIZATION_LEVEL = "-O";
				VALIDATE_PRODUCT = YES;
			};
			name = Release;
		};
		1A9699FD26B73C5E006BC38B /* Debug */ = {
			isa = XCBuildConfiguration;
			buildSettings = {
				ASSETCATALOG_COMPILER_APPICON_NAME = AppIcon;
				ASSETCATALOG_COMPILER_GLOBAL_ACCENT_COLOR_NAME = AccentColor;
				CODE_SIGN_STYLE = Automatic;
				DEVELOPMENT_ASSET_PATHS = "\"TextEditor/Preview Content\"";
				DEVELOPMENT_TEAM = H5J3S6F67R;
				ENABLE_PREVIEWS = YES;
				INFOPLIST_FILE = TextEditor/Info.plist;
				IPHONEOS_DEPLOYMENT_TARGET = 14.0;
				LD_RUNPATH_SEARCH_PATHS = (
					"$(inherited)",
					"@executable_path/Frameworks",
				);
				PRODUCT_BUNDLE_IDENTIFIER = com.pal.artem.TextEditor;
				PRODUCT_NAME = "$(TARGET_NAME)";
				SWIFT_VERSION = 5.0;
				TARGETED_DEVICE_FAMILY = "1,2";
			};
			name = Debug;
		};
		1A9699FE26B73C5E006BC38B /* Release */ = {
			isa = XCBuildConfiguration;
			buildSettings = {
				ASSETCATALOG_COMPILER_APPICON_NAME = AppIcon;
				ASSETCATALOG_COMPILER_GLOBAL_ACCENT_COLOR_NAME = AccentColor;
				CODE_SIGN_STYLE = Automatic;
				DEVELOPMENT_ASSET_PATHS = "\"TextEditor/Preview Content\"";
				DEVELOPMENT_TEAM = H5J3S6F67R;
				ENABLE_PREVIEWS = YES;
				INFOPLIST_FILE = TextEditor/Info.plist;
				IPHONEOS_DEPLOYMENT_TARGET = 14.0;
				LD_RUNPATH_SEARCH_PATHS = (
					"$(inherited)",
					"@executable_path/Frameworks",
				);
				PRODUCT_BUNDLE_IDENTIFIER = com.pal.artem.TextEditor;
				PRODUCT_NAME = "$(TARGET_NAME)";
				SWIFT_VERSION = 5.0;
				TARGETED_DEVICE_FAMILY = "1,2";
			};
			name = Release;
		};
/* End XCBuildConfiguration section */

/* Begin XCConfigurationList section */
		1A9699E826B73C5C006BC38B /* Build configuration list for PBXProject "TextEditor" */ = {
			isa = XCConfigurationList;
			buildConfigurations = (
				1A9699FA26B73C5E006BC38B /* Debug */,
				1A9699FB26B73C5E006BC38B /* Release */,
			);
			defaultConfigurationIsVisible = 0;
			defaultConfigurationName = Release;
		};
		1A9699FC26B73C5E006BC38B /* Build configuration list for PBXNativeTarget "TextEditor" */ = {
			isa = XCConfigurationList;
			buildConfigurations = (
				1A9699FD26B73C5E006BC38B /* Debug */,
				1A9699FE26B73C5E006BC38B /* Release */,
			);
			defaultConfigurationIsVisible = 0;
			defaultConfigurationName = Release;
		};
/* End XCConfigurationList section */

/* Begin XCVersionGroup section */
		1A1BEF2126B961670044116F /* TextEditorCoreData.xcdatamodeld */ = {
			isa = XCVersionGroup;
			children = (
				1A1BEF2226B961670044116F /* TextEditorCoreData.xcdatamodel */,
			);
			currentVersion = 1A1BEF2226B961670044116F /* TextEditorCoreData.xcdatamodel */;
			path = TextEditorCoreData.xcdatamodeld;
			sourceTree = "<group>";
			versionGroupType = wrapper.xcdatamodel;
		};
/* End XCVersionGroup section */
	};
	rootObject = 1A9699E526B73C5C006BC38B /* Project object */;
}
